
Microsoft Visual Studio Solution File, Format Version 12.00
# Visual Studio 15
VisualStudioVersion = 15.0.28010.2036
MinimumVisualStudioVersion = 10.0.40219.1
Project("{FAE04EC0-301F-11D3-BF4B-00C04F79EFBC}") = "TempData", "TempData\TempData.csproj", "{318EA427-B532-4AEA-BF93-574C463CBCBF}"
EndProject
Global
	GlobalSection(SolutionConfigurationPlatforms) = preSolution
		Debug|Any CPU = Debug|Any CPU
		Release|Any CPU = Release|Any CPU
	EndGlobalSection
	GlobalSection(ProjectConfigurationPlatforms) = postSolution
		{318EA427-B532-4AEA-BF93-574C463CBCBF}.Debug|Any CPU.ActiveCfg = Debug|Any CPU
		{318EA427-B532-4AEA-BF93-574C463CBCBF}.Debug|Any CPU.Build.0 = Debug|Any CPU
		{318EA427-B532-4AEA-BF93-574C463CBCBF}.Release|Any CPU.ActiveCfg = Release|Any CPU
		{318EA427-B532-4AEA-BF93-574C463CBCBF}.Release|Any CPU.Build.0 = Release|Any CPU
	EndGlobalSection
	GlobalSection(SolutionProperties) = preSolution
		HideSolutionNode = FALSE
	EndGlobalSection
	GlobalSection(ExtensibilityGlobals) = postSolution
		SolutionGuid = {4A48706E-00C5-4982-8BB9-149F29EE8FA6}
	EndGlobalSection
EndGlobal
